
Microsoft Visual Studio Solution File, Format Version 12.00
# Visual Studio Version 17
VisualStudioVersion = 17.12.35527.113
MinimumVisualStudioVersion = 10.0.40219.1
Project("{FAE04EC0-301F-11D3-BF4B-00C04F79EFBC}") = "Markdig.Renderers.MudBlazor", "Markdig.Renderers.MudBlazor\Markdig.Renderers.MudBlazor.csproj", "{FF3A829F-D17C-445C-BFD5-A048149058A4}"
EndProject
Project("{FAE04EC0-301F-11D3-BF4B-00C04F79EFBC}") = "Markdig.Renderers.RazorComponent", "Markdig.Renderers.RazorComponent\Markdig.Renderers.RazorComponent.csproj", "{5869C00E-C7EA-44CE-880C-7E1E810ADAEC}"
EndProject
Project("{FAE04EC0-301F-11D3-BF4B-00C04F79EFBC}") = "SampleApp", "SampleApp\SampleApp.csproj", "{066B1986-B8D9-45FF-9D91-DD26FFA66A37}"
EndProject
Project("{2150E333-8FDC-42A3-9474-1A3956D46DE8}") = "ソリューション項目", "ソリューション項目", "{E7C754AE-4995-4BFB-A7E0-FDB61E1731A7}"
	ProjectSection(SolutionItems) = preProject
		LICENSE.md = LICENSE.md
		README.md = README.md
	EndProjectSection
EndProject
Project("{FAE04EC0-301F-11D3-BF4B-00C04F79EFBC}") = "Vega.Embed", "Vega.Embed\Vega.Embed.csproj", "{3C0F9AE7-E069-FD0C-10AD-59B6919E29C5}"
EndProject
Project("{FAE04EC0-301F-11D3-BF4B-00C04F79EFBC}") = "Vega", "Vega\Vega.csproj", "{4333B57B-7EDE-44A7-92E1-D6EE097A07FE}"
EndProject
Global
	GlobalSection(SolutionConfigurationPlatforms) = preSolution
		Debug|Any CPU = Debug|Any CPU
		Release|Any CPU = Release|Any CPU
	EndGlobalSection
	GlobalSection(ProjectConfigurationPlatforms) = postSolution
		{FF3A829F-D17C-445C-BFD5-A048149058A4}.Debug|Any CPU.ActiveCfg = Debug|Any CPU
		{FF3A829F-D17C-445C-BFD5-A048149058A4}.Debug|Any CPU.Build.0 = Debug|Any CPU
		{FF3A829F-D17C-445C-BFD5-A048149058A4}.Release|Any CPU.ActiveCfg = Release|Any CPU
		{FF3A829F-D17C-445C-BFD5-A048149058A4}.Release|Any CPU.Build.0 = Release|Any CPU
		{5869C00E-C7EA-44CE-880C-7E1E810ADAEC}.Debug|Any CPU.ActiveCfg = Debug|Any CPU
		{5869C00E-C7EA-44CE-880C-7E1E810ADAEC}.Debug|Any CPU.Build.0 = Debug|Any CPU
		{5869C00E-C7EA-44CE-880C-7E1E810ADAEC}.Release|Any CPU.ActiveCfg = Release|Any CPU
		{5869C00E-C7EA-44CE-880C-7E1E810ADAEC}.Release|Any CPU.Build.0 = Release|Any CPU
		{066B1986-B8D9-45FF-9D91-DD26FFA66A37}.Debug|Any CPU.ActiveCfg = Debug|Any CPU
		{066B1986-B8D9-45FF-9D91-DD26FFA66A37}.Debug|Any CPU.Build.0 = Debug|Any CPU
		{066B1986-B8D9-45FF-9D91-DD26FFA66A37}.Release|Any CPU.ActiveCfg = Release|Any CPU
		{066B1986-B8D9-45FF-9D91-DD26FFA66A37}.Release|Any CPU.Build.0 = Release|Any CPU
		{3C0F9AE7-E069-FD0C-10AD-59B6919E29C5}.Debug|Any CPU.ActiveCfg = Debug|Any CPU
		{3C0F9AE7-E069-FD0C-10AD-59B6919E29C5}.Debug|Any CPU.Build.0 = Debug|Any CPU
		{3C0F9AE7-E069-FD0C-10AD-59B6919E29C5}.Release|Any CPU.ActiveCfg = Release|Any CPU
		{3C0F9AE7-E069-FD0C-10AD-59B6919E29C5}.Release|Any CPU.Build.0 = Release|Any CPU
		{4333B57B-7EDE-44A7-92E1-D6EE097A07FE}.Debug|Any CPU.ActiveCfg = Debug|Any CPU
		{4333B57B-7EDE-44A7-92E1-D6EE097A07FE}.Debug|Any CPU.Build.0 = Debug|Any CPU
		{4333B57B-7EDE-44A7-92E1-D6EE097A07FE}.Release|Any CPU.ActiveCfg = Release|Any CPU
		{4333B57B-7EDE-44A7-92E1-D6EE097A07FE}.Release|Any CPU.Build.0 = Release|Any CPU
	EndGlobalSection
	GlobalSection(SolutionProperties) = preSolution
		HideSolutionNode = FALSE
	EndGlobalSection
	GlobalSection(ExtensibilityGlobals) = postSolution
		SolutionGuid = {4ECC8F16-965A-4303-BD68-49416476C629}
	EndGlobalSection
EndGlobal
